
Microsoft Visual Studio Solution File, Format Version 12.00
# Visual Studio Version 16
VisualStudioVersion = 16.0.31205.134
MinimumVisualStudioVersion = 10.0.40219.1
Project("{FAE04EC0-301F-11D3-BF4B-00C04F79EFBC}") = "invalidrecords", "invalidrecords\invalidrecords.csproj", "{9EE407CC-E80B-443A-A9CD-524424E690B4}"
EndProject
Global
	GlobalSection(SolutionConfigurationPlatforms) = preSolution
		Debug|Any CPU = Debug|Any CPU
		Release|Any CPU = Release|Any CPU
	EndGlobalSection
	GlobalSection(ProjectConfigurationPlatforms) = postSolution
		{9EE407CC-E80B-443A-A9CD-524424E690B4}.Debug|Any CPU.ActiveCfg = Debug|Any CPU
		{9EE407CC-E80B-443A-A9CD-524424E690B4}.Debug|Any CPU.Build.0 = Debug|Any CPU
		{9EE407CC-E80B-443A-A9CD-524424E690B4}.Release|Any CPU.ActiveCfg = Release|Any CPU
		{9EE407CC-E80B-443A-A9CD-524424E690B4}.Release|Any CPU.Build.0 = Release|Any CPU
	EndGlobalSection
	GlobalSection(SolutionProperties) = preSolution
		HideSolutionNode = FALSE
	EndGlobalSection
	GlobalSection(ExtensibilityGlobals) = postSolution
		SolutionGuid = {B28AD58A-3537-47B7-8300-27322CB2D31D}
	EndGlobalSection
EndGlobal
